{
  "name": "magic-game",
  "lockfileVersion": 2,
  "requires": true,
  "packages": {
    "": {
      "dependencies": {
        "@types/p5": "^1.4.1"
      }
    },
    "node_modules/@types/p5": {
      "version": "1.4.1",
      "resolved": "https://registry.npmjs.org/@types/p5/-/p5-1.4.1.tgz",
      "integrity": "sha512-POOcX1kJYUyvnqug+Zb3XLfR5uzbyrrmxrhOkiGEGFsb6KDtxDrsGYvso5gj2u9DbPf9NBIL3T0m51vzXfdpeA=="
    }
  },
  "dependencies": {
    "@types/p5": {
      "version": "1.4.1",
      "resolved": "https://registry.npmjs.org/@types/p5/-/p5-1.4.1.tgz",
      "integrity": "sha512-POOcX1kJYUyvnqug+Zb3XLfR5uzbyrrmxrhOkiGEGFsb6KDtxDrsGYvso5gj2u9DbPf9NBIL3T0m51vzXfdpeA=="
    }
  }
}
